
Microsoft Visual Studio Solution File, Format Version 12.00
# Visual Studio Version 17
VisualStudioVersion = 17.11.35208.52
MinimumVisualStudioVersion = 10.0.40219.1
Project("{9A19103F-16F7-4668-BE54-9A1E7A4F7556}") = "ConsoleRpg", "ConsoleRpg\ConsoleRpg.csproj", "{770F18B3-B6DD-4554-BE39-5B8D099C7EAD}"
EndProject
Project("{FAE04EC0-301F-11D3-BF4B-00C04F79EFBC}") = "ConsoleRpgEntities", "ConsoleRpgEntities\ConsoleRpgEntities.csproj", "{55798AD5-2B43-4DA2-82AB-C37E34D8CA0B}"
EndProject
Global
	GlobalSection(SolutionConfigurationPlatforms) = preSolution
		Debug|Any CPU = Debug|Any CPU
		Debug|x64 = Debug|x64
		Debug|x86 = Debug|x86
		Release|Any CPU = Release|Any CPU
		Release|x64 = Release|x64
		Release|x86 = Release|x86
	EndGlobalSection
	GlobalSection(ProjectConfigurationPlatforms) = postSolution
		{770F18B3-B6DD-4554-BE39-5B8D099C7EAD}.Debug|Any CPU.ActiveCfg = Debug|Any CPU
		{770F18B3-B6DD-4554-BE39-5B8D099C7EAD}.Debug|Any CPU.Build.0 = Debug|Any CPU
		{770F18B3-B6DD-4554-BE39-5B8D099C7EAD}.Debug|x64.ActiveCfg = Debug|Any CPU
		{770F18B3-B6DD-4554-BE39-5B8D099C7EAD}.Debug|x64.Build.0 = Debug|Any CPU
		{770F18B3-B6DD-4554-BE39-5B8D099C7EAD}.Debug|x86.ActiveCfg = Debug|Any CPU
		{770F18B3-B6DD-4554-BE39-5B8D099C7EAD}.Debug|x86.Build.0 = Debug|Any CPU
		{770F18B3-B6DD-4554-BE39-5B8D099C7EAD}.Release|Any CPU.ActiveCfg = Release|Any CPU
		{770F18B3-B6DD-4554-BE39-5B8D099C7EAD}.Release|Any CPU.Build.0 = Release|Any CPU
		{770F18B3-B6DD-4554-BE39-5B8D099C7EAD}.Release|x64.ActiveCfg = Release|Any CPU
		{770F18B3-B6DD-4554-BE39-5B8D099C7EAD}.Release|x64.Build.0 = Release|Any CPU
		{770F18B3-B6DD-4554-BE39-5B8D099C7EAD}.Release|x86.ActiveCfg = Release|Any CPU
		{770F18B3-B6DD-4554-BE39-5B8D099C7EAD}.Release|x86.Build.0 = Release|Any CPU
		{55798AD5-2B43-4DA2-82AB-C37E34D8CA0B}.Debug|Any CPU.ActiveCfg = Debug|Any CPU
		{55798AD5-2B43-4DA2-82AB-C37E34D8CA0B}.Debug|Any CPU.Build.0 = Debug|Any CPU
		{55798AD5-2B43-4DA2-82AB-C37E34D8CA0B}.Debug|x64.ActiveCfg = Debug|Any CPU
		{55798AD5-2B43-4DA2-82AB-C37E34D8CA0B}.Debug|x64.Build.0 = Debug|Any CPU
		{55798AD5-2B43-4DA2-82AB-C37E34D8CA0B}.Debug|x86.ActiveCfg = Debug|Any CPU
		{55798AD5-2B43-4DA2-82AB-C37E34D8CA0B}.Debug|x86.Build.0 = Debug|Any CPU
		{55798AD5-2B43-4DA2-82AB-C37E34D8CA0B}.Release|Any CPU.ActiveCfg = Release|Any CPU
		{55798AD5-2B43-4DA2-82AB-C37E34D8CA0B}.Release|Any CPU.Build.0 = Release|Any CPU
		{55798AD5-2B43-4DA2-82AB-C37E34D8CA0B}.Release|x64.ActiveCfg = Release|Any CPU
		{55798AD5-2B43-4DA2-82AB-C37E34D8CA0B}.Release|x64.Build.0 = Release|Any CPU
		{55798AD5-2B43-4DA2-82AB-C37E34D8CA0B}.Release|x86.ActiveCfg = Release|Any CPU
		{55798AD5-2B43-4DA2-82AB-C37E34D8CA0B}.Release|x86.Build.0 = Release|Any CPU
	EndGlobalSection
	GlobalSection(SolutionProperties) = preSolution
		HideSolutionNode = FALSE
	EndGlobalSection
	GlobalSection(ExtensibilityGlobals) = postSolution
		SolutionGuid = {A99440A4-1F28-40F7-8D49-889FC700C015}
	EndGlobalSection
EndGlobal
